// !$*UTF8*$!
{
	archiveVersion = 1;
	classes = {
	};
	objectVersion = 46;
	objects = {

/* Begin PBXBuildFile section */
		F402972C1E58EAF00019BEDD /* AppDelegate.swift in Sources */ = {isa = PBXBuildFile; fileRef = F402972B1E58EAF00019BEDD /* AppDelegate.swift */; };
		F402972E1E58EAF00019BEDD /* TipViewController.swift in Sources */ = {isa = PBXBuildFile; fileRef = F402972D1E58EAF00019BEDD /* TipViewController.swift */; };
		F40297311E58EAF00019BEDD /* Main.storyboard in Resources */ = {isa = PBXBuildFile; fileRef = F402972F1E58EAF00019BEDD /* Main.storyboard */; };
		F40297331E58EAF00019BEDD /* Assets.xcassets in Resources */ = {isa = PBXBuildFile; fileRef = F40297321E58EAF00019BEDD /* Assets.xcassets */; };
		F40297361E58EAF00019BEDD /* LaunchScreen.storyboard in Resources */ = {isa = PBXBuildFile; fileRef = F40297341E58EAF00019BEDD /* LaunchScreen.storyboard */; };
		F40297411E58EAF00019BEDD /* tippyTests.swift in Sources */ = {isa = PBXBuildFile; fileRef = F40297401E58EAF00019BEDD /* tippyTests.swift */; };
		F402974C1E58EAF00019BEDD /* tippyUITests.swift in Sources */ = {isa = PBXBuildFile; fileRef = F402974B1E58EAF00019BEDD /* tippyUITests.swift */; };
		F407D8B51E5CC37B00FD8D44 /* UISegmentedControl.swift in Sources */ = {isa = PBXBuildFile; fileRef = F407D8B41E5CC37B00FD8D44 /* UISegmentedControl.swift */; };
		F45103A11E5B80A7006ABE1E /* DataStore.swift in Sources */ = {isa = PBXBuildFile; fileRef = F45103A01E5B80A7006ABE1E /* DataStore.swift */; };
		F47015FF1E5A5661005DF26A /* TipCalculator.swift in Sources */ = {isa = PBXBuildFile; fileRef = F47015FE1E5A5661005DF26A /* TipCalculator.swift */; };
		F47657B71E59A72700486F89 /* SettingsViewController.swift in Sources */ = {isa = PBXBuildFile; fileRef = F47657B61E59A72700486F89 /* SettingsViewController.swift */; };
/* End PBXBuildFile section */

/* Begin PBXContainerItemProxy section */
		F402973D1E58EAF00019BEDD /* PBXContainerItemProxy */ = {
			isa = PBXContainerItemProxy;
			containerPortal = F40297201E58EAEF0019BEDD /* Project object */;
			proxyType = 1;
			remoteGlobalIDString = F40297271E58EAEF0019BEDD;
			remoteInfo = tippy;
		};
		F40297481E58EAF00019BEDD /* PBXContainerItemProxy */ = {
			isa = PBXContainerItemProxy;
			containerPortal = F40297201E58EAEF0019BEDD /* Project object */;
			proxyType = 1;
			remoteGlobalIDString = F40297271E58EAEF0019BEDD;
			remoteInfo = tippy;
		};
/* End PBXContainerItemProxy section */

/* Begin PBXFileReference section */
		F40297281E58EAF00019BEDD /* tippy.app */ = {isa = PBXFileReference; explicitFileType = wrapper.application; includeInIndex = 0; path = tippy.app; sourceTree = BUILT_PRODUCTS_DIR; };
		F402972B1E58EAF00019BEDD /* AppDelegate.swift */ = {isa = PBXFileReference; lastKnownFileType = sourcecode.swift; path = AppDelegate.swift; sourceTree = "<group>"; };
		F402972D1E58EAF00019BEDD /* TipViewController.swift */ = {isa = PBXFileReference; lastKnownFileType = sourcecode.swift; path = TipViewController.swift; sourceTree = "<group>"; };
		F40297301E58EAF00019BEDD /* Base */ = {isa = PBXFileReference; lastKnownFileType = file.storyboard; name = Base; path = Base.lproj/Main.storyboard; sourceTree = "<group>"; };
		F40297321E58EAF00019BEDD /* Assets.xcassets */ = {isa = PBXFileReference; lastKnownFileType = folder.assetcatalog; path = Assets.xcassets; sourceTree = "<group>"; };
		F40297351E58EAF00019BEDD /* Base */ = {isa = PBXFileReference; lastKnownFileType = file.storyboard; name = Base; path = Base.lproj/LaunchScreen.storyboard; sourceTree = "<group>"; };
		F40297371E58EAF00019BEDD /* Info.plist */ = {isa = PBXFileReference; lastKnownFileType = text.plist.xml; path = Info.plist; sourceTree = "<group>"; };
		F402973C1E58EAF00019BEDD /* tippyTests.xctest */ = {isa = PBXFileReference; explicitFileType = wrapper.cfbundle; includeInIndex = 0; path = tippyTests.xctest; sourceTree = BUILT_PRODUCTS_DIR; };
		F40297401E58EAF00019BEDD /* tippyTests.swift */ = {isa = PBXFileReference; lastKnownFileType = sourcecode.swift; path = tippyTests.swift; sourceTree = "<group>"; };
		F40297421E58EAF00019BEDD /* Info.plist */ = {isa = PBXFileReference; lastKnownFileType = text.plist.xml; path = Info.plist; sourceTree = "<group>"; };
		F40297471E58EAF00019BEDD /* tippyUITests.xctest */ = {isa = PBXFileReference; explicitFileType = wrapper.cfbundle; includeInIndex = 0; path = tippyUITests.xctest; sourceTree = BUILT_PRODUCTS_DIR; };
		F402974B1E58EAF00019BEDD /* tippyUITests.swift */ = {isa = PBXFileReference; lastKnownFileType = sourcecode.swift; path = tippyUITests.swift; sourceTree = "<group>"; };
		F402974D1E58EAF00019BEDD /* Info.plist */ = {isa = PBXFileReference; lastKnownFileType = text.plist.xml; path = Info.plist; sourceTree = "<group>"; };
		F407D8B41E5CC37B00FD8D44 /* UISegmentedControl.swift */ = {isa = PBXFileReference; fileEncoding = 4; lastKnownFileType = sourcecode.swift; path = UISegmentedControl.swift; sourceTree = "<group>"; };
		F441BBD01E5A302800656EDA /* README.md */ = {isa = PBXFileReference; fileEncoding = 4; lastKnownFileType = net.daringfireball.markdown; path = README.md; sourceTree = SOURCE_ROOT; };
		F45103A01E5B80A7006ABE1E /* DataStore.swift */ = {isa = PBXFileReference; fileEncoding = 4; lastKnownFileType = sourcecode.swift; path = DataStore.swift; sourceTree = "<group>"; };
		F47015FE1E5A5661005DF26A /* TipCalculator.swift */ = {isa = PBXFileReference; fileEncoding = 4; lastKnownFileType = sourcecode.swift; path = TipCalculator.swift; sourceTree = "<group>"; };
		F47657B61E59A72700486F89 /* SettingsViewController.swift */ = {isa = PBXFileReference; fileEncoding = 4; lastKnownFileType = sourcecode.swift; path = SettingsViewController.swift; sourceTree = "<group>"; };
/* End PBXFileReference section */

/* Begin PBXFrameworksBuildPhase section */
		F40297251E58EAEF0019BEDD /* Frameworks */ = {
			isa = PBXFrameworksBuildPhase;
			buildActionMask = 2147483647;
			files = (
			);
			runOnlyForDeploymentPostprocessing = 0;
		};
		F40297391E58EAF00019BEDD /* Frameworks */ = {
			isa = PBXFrameworksBuildPhase;
			buildActionMask = 2147483647;
			files = (
			);
			runOnlyForDeploymentPostprocessing = 0;
		};
		F40297441E58EAF00019BEDD /* Frameworks */ = {
			isa = PBXFrameworksBuildPhase;
			buildActionMask = 2147483647;
			files = (
			);
			runOnlyForDeploymentPostprocessing = 0;
		};
/* End PBXFrameworksBuildPhase section */

/* Begin PBXGroup section */
		F402971F1E58EAEF0019BEDD = {
			isa = PBXGroup;
			children = (
				F402972A1E58EAF00019BEDD /* tippy */,
				F402973F1E58EAF00019BEDD /* tippyTests */,
				F402974A1E58EAF00019BEDD /* tippyUITests */,
				F40297291E58EAF00019BEDD /* Products */,
			);
			sourceTree = "<group>";
		};
		F40297291E58EAF00019BEDD /* Products */ = {
			isa = PBXGroup;
			children = (
				F40297281E58EAF00019BEDD /* tippy.app */,
				F402973C1E58EAF00019BEDD /* tippyTests.xctest */,
				F40297471E58EAF00019BEDD /* tippyUITests.xctest */,
			);
			name = Products;
			sourceTree = "<group>";
		};
		F402972A1E58EAF00019BEDD /* tippy */ = {
			isa = PBXGroup;
			children = (
				F402972D1E58EAF00019BEDD /* TipViewController.swift */,
				F47657B61E59A72700486F89 /* SettingsViewController.swift */,
				F407D8B41E5CC37B00FD8D44 /* UISegmentedControl.swift */,
				F45103A01E5B80A7006ABE1E /* DataStore.swift */,
				F47015FE1E5A5661005DF26A /* TipCalculator.swift */,
				F402972B1E58EAF00019BEDD /* AppDelegate.swift */,
				F402972F1E58EAF00019BEDD /* Main.storyboard */,
				F441BBD01E5A302800656EDA /* README.md */,
				F47015FD1E5A4625005DF26A /* other */,
			);
			path = tippy;
			sourceTree = "<group>";
		};
		F402973F1E58EAF00019BEDD /* tippyTests */ = {
			isa = PBXGroup;
			children = (
				F40297401E58EAF00019BEDD /* tippyTests.swift */,
				F40297421E58EAF00019BEDD /* Info.plist */,
			);
			path = tippyTests;
			sourceTree = "<group>";
		};
		F402974A1E58EAF00019BEDD /* tippyUITests */ = {
			isa = PBXGroup;
			children = (
				F402974B1E58EAF00019BEDD /* tippyUITests.swift */,
				F402974D1E58EAF00019BEDD /* Info.plist */,
			);
			path = tippyUITests;
			sourceTree = "<group>";
		};
		F47015FD1E5A4625005DF26A /* other */ = {
			isa = PBXGroup;
			children = (
				F40297371E58EAF00019BEDD /* Info.plist */,
				F40297341E58EAF00019BEDD /* LaunchScreen.storyboard */,
				F40297321E58EAF00019BEDD /* Assets.xcassets */,
			);
			name = other;
			sourceTree = "<group>";
		};
/* End PBXGroup section */

/* Begin PBXNativeTarget section */
		F40297271E58EAEF0019BEDD /* tippy */ = {
			isa = PBXNativeTarget;
			buildConfigurationList = F40297501E58EAF00019BEDD /* Build configuration list for PBXNativeTarget "tippy" */;
			buildPhases = (
				F40297241E58EAEF0019BEDD /* Sources */,
				F40297251E58EAEF0019BEDD /* Frameworks */,
				F40297261E58EAEF0019BEDD /* Resources */,
			);
			buildRules = (
			);
			dependencies = (
			);
			name = tippy;
			productName = tippy;
			productReference = F40297281E58EAF00019BEDD /* tippy.app */;
			productType = "com.apple.product-type.application";
		};
		F402973B1E58EAF00019BEDD /* tippyTests */ = {
			isa = PBXNativeTarget;
			buildConfigurationList = F40297531E58EAF00019BEDD /* Build configuration list for PBXNativeTarget "tippyTests" */;
			buildPhases = (
				F40297381E58EAF00019BEDD /* Sources */,
				F40297391E58EAF00019BEDD /* Frameworks */,
				F402973A1E58EAF00019BEDD /* Resources */,
			);
			buildRules = (
			);
			dependencies = (
				F402973E1E58EAF00019BEDD /* PBXTargetDependency */,
			);
			name = tippyTests;
			productName = tippyTests;
			productReference = F402973C1E58EAF00019BEDD /* tippyTests.xctest */;
			productType = "com.apple.product-type.bundle.unit-test";
		};
		F40297461E58EAF00019BEDD /* tippyUITests */ = {
			isa = PBXNativeTarget;
			buildConfigurationList = F40297561E58EAF00019BEDD /* Build configuration list for PBXNativeTarget "tippyUITests" */;
			buildPhases = (
				F40297431E58EAF00019BEDD /* Sources */,
				F40297441E58EAF00019BEDD /* Frameworks */,
				F40297451E58EAF00019BEDD /* Resources */,
			);
			buildRules = (
			);
			dependencies = (
				F40297491E58EAF00019BEDD /* PBXTargetDependency */,
			);
			name = tippyUITests;
			productName = tippyUITests;
			productReference = F40297471E58EAF00019BEDD /* tippyUITests.xctest */;
			productType = "com.apple.product-type.bundle.ui-testing";
		};
/* End PBXNativeTarget section */

/* Begin PBXProject section */
		F40297201E58EAEF0019BEDD /* Project object */ = {
			isa = PBXProject;
			attributes = {
				LastSwiftUpdateCheck = 0820;
				LastUpgradeCheck = 0820;
				ORGANIZATIONNAME = "Home Mac";
				TargetAttributes = {
					F40297271E58EAEF0019BEDD = {
						CreatedOnToolsVersion = 8.2.1;
						ProvisioningStyle = Automatic;
					};
					F402973B1E58EAF00019BEDD = {
						CreatedOnToolsVersion = 8.2.1;
						ProvisioningStyle = Automatic;
						TestTargetID = F40297271E58EAEF0019BEDD;
					};
					F40297461E58EAF00019BEDD = {
						CreatedOnToolsVersion = 8.2.1;
						ProvisioningStyle = Automatic;
						TestTargetID = F40297271E58EAEF0019BEDD;
					};
				};
			};
			buildConfigurationList = F40297231E58EAEF0019BEDD /* Build configuration list for PBXProject "tippy" */;
			compatibilityVersion = "Xcode 3.2";
			developmentRegion = English;
			hasScannedForEncodings = 0;
			knownRegions = (
				en,
				Base,
			);
			mainGroup = F402971F1E58EAEF0019BEDD;
			productRefGroup = F40297291E58EAF00019BEDD /* Products */;
			projectDirPath = "";
			projectRoot = "";
			targets = (
				F40297271E58EAEF0019BEDD /* tippy */,
				F402973B1E58EAF00019BEDD /* tippyTests */,
				F40297461E58EAF00019BEDD /* tippyUITests */,
			);
		};
/* End PBXProject section */

/* Begin PBXResourcesBuildPhase section */
		F40297261E58EAEF0019BEDD /* Resources */ = {
			isa = PBXResourcesBuildPhase;
			buildActionMask = 2147483647;
			files = (
				F40297361E58EAF00019BEDD /* LaunchScreen.storyboard in Resources */,
				F40297331E58EAF00019BEDD /* Assets.xcassets in Resources */,
				F40297311E58EAF00019BEDD /* Main.storyboard in Resources */,
			);
			runOnlyForDeploymentPostprocessing = 0;
		};
		F402973A1E58EAF00019BEDD /* Resources */ = {
			isa = PBXResourcesBuildPhase;
			buildActionMask = 2147483647;
			files = (
			);
			runOnlyForDeploymentPostprocessing = 0;
		};
		F40297451E58EAF00019BEDD /* Resources */ = {
			isa = PBXResourcesBuildPhase;
			buildActionMask = 2147483647;
			files = (
			);
			runOnlyForDeploymentPostprocessing = 0;
		};
/* End PBXResourcesBuildPhase section */

/* Begin PBXSourcesBuildPhase section */
		F40297241E58EAEF0019BEDD /* Sources */ = {
			isa = PBXSourcesBuildPhase;
			buildActionMask = 2147483647;
			files = (
				F402972E1E58EAF00019BEDD /* TipViewController.swift in Sources */,
				F45103A11E5B80A7006ABE1E /* DataStore.swift in Sources */,
				F402972C1E58EAF00019BEDD /* AppDelegate.swift in Sources */,
				F47657B71E59A72700486F89 /* SettingsViewController.swift in Sources */,
				F47015FF1E5A5661005DF26A /* TipCalculator.swift in Sources */,
				F407D8B51E5CC37B00FD8D44 /* UISegmentedControl.swift in Sources */,
			);
			runOnlyForDeploymentPostprocessing = 0;
		};
		F40297381E58EAF00019BEDD /* Sources */ = {
			isa = PBXSourcesBuildPhase;
			buildActionMask = 2147483647;
			files = (
				F40297411E58EAF00019BEDD /* tippyTests.swift in Sources */,
			);
			runOnlyForDeploymentPostprocessing = 0;
		};
		F40297431E58EAF00019BEDD /* Sources */ = {
			isa = PBXSourcesBuildPhase;
			buildActionMask = 2147483647;
			files = (
				F402974C1E58EAF00019BEDD /* tippyUITests.swift in Sources */,
			);
			runOnlyForDeploymentPostprocessing = 0;
		};
/* End PBXSourcesBuildPhase section */

/* Begin PBXTargetDependency section */
		F402973E1E58EAF00019BEDD /* PBXTargetDependency */ = {
			isa = PBXTargetDependency;
			target = F40297271E58EAEF0019BEDD /* tippy */;
			targetProxy = F402973D1E58EAF00019BEDD /* PBXContainerItemProxy */;
		};
		F40297491E58EAF00019BEDD /* PBXTargetDependency */ = {
			isa = PBXTargetDependency;
			target = F40297271E58EAEF0019BEDD /* tippy */;
			targetProxy = F40297481E58EAF00019BEDD /* PBXContainerItemProxy */;
		};
/* End PBXTargetDependency section */

/* Begin PBXVariantGroup section */
		F402972F1E58EAF00019BEDD /* Main.storyboard */ = {
			isa = PBXVariantGroup;
			children = (
				F40297301E58EAF00019BEDD /* Base */,
			);
			name = Main.storyboard;
			sourceTree = "<group>";
		};
		F40297341E58EAF00019BEDD /* LaunchScreen.storyboard */ = {
			isa = PBXVariantGroup;
			children = (
				F40297351E58EAF00019BEDD /* Base */,
			);
			name = LaunchScreen.storyboard;
			sourceTree = "<group>";
		};
/* End PBXVariantGroup section */

/* Begin XCBuildConfiguration section */
		F402974E1E58EAF00019BEDD /* Debug */ = {
			isa = XCBuildConfiguration;
			buildSettings = {
				ALWAYS_SEARCH_USER_PATHS = NO;
				CLANG_ANALYZER_NONNULL = YES;
				CLANG_CXX_LANGUAGE_STANDARD = "gnu++0x";
				CLANG_CXX_LIBRARY = "libc++";
				CLANG_ENABLE_MODULES = YES;
				CLANG_ENABLE_OBJC_ARC = YES;
				CLANG_WARN_BOOL_CONVERSION = YES;
				CLANG_WARN_CONSTANT_CONVERSION = YES;
				CLANG_WARN_DIRECT_OBJC_ISA_USAGE = YES_ERROR;
				CLANG_WARN_DOCUMENTATION_COMMENTS = YES;
				CLANG_WARN_EMPTY_BODY = YES;
				CLANG_WARN_ENUM_CONVERSION = YES;
				CLANG_WARN_INFINITE_RECURSION = YES;
				CLANG_WARN_INT_CONVERSION = YES;
				CLANG_WARN_OBJC_ROOT_CLASS = YES_ERROR;
				CLANG_WARN_SUSPICIOUS_MOVE = YES;
				CLANG_WARN_UNREACHABLE_CODE = YES;
				CLANG_WARN__DUPLICATE_METHOD_MATCH = YES;
				"CODE_SIGN_IDENTITY[sdk=iphoneos*]" = "iPhone Developer";
				COPY_PHASE_STRIP = NO;
				DEBUG_INFORMATION_FORMAT = dwarf;
				ENABLE_STRICT_OBJC_MSGSEND = YES;
				ENABLE_TESTABILITY = YES;
				GCC_C_LANGUAGE_STANDARD = gnu99;
				GCC_DYNAMIC_NO_PIC = NO;
				GCC_NO_COMMON_BLOCKS = YES;
				GCC_OPTIMIZATION_LEVEL = 0;
				GCC_PREPROCESSOR_DEFINITIONS = (
					"DEBUG=1",
					"$(inherited)",
				);
				GCC_WARN_64_TO_32_BIT_CONVERSION = YES;
				GCC_WARN_ABOUT_RETURN_TYPE = YES_ERROR;
				GCC_WARN_UNDECLARED_SELECTOR = YES;
				GCC_WARN_UNINITIALIZED_AUTOS = YES_AGGRESSIVE;
				GCC_WARN_UNUSED_FUNCTION = YES;
				GCC_WARN_UNUSED_VARIABLE = YES;
				IPHONEOS_DEPLOYMENT_TARGET = 10.2;
				MTL_ENABLE_DEBUG_INFO = YES;
				ONLY_ACTIVE_ARCH = YES;
				SDKROOT = iphoneos;
				SWIFT_ACTIVE_COMPILATION_CONDITIONS = DEBUG;
				SWIFT_OPTIMIZATION_LEVEL = "-Onone";
			};
			name = Debug;
		};
		F402974F1E58EAF00019BEDD /* Release */ = {
			isa = XCBuildConfiguration;
			buildSettings = {
				ALWAYS_SEARCH_USER_PATHS = NO;
				CLANG_ANALYZER_NONNULL = YES;
				CLANG_CXX_LANGUAGE_STANDARD = "gnu++0x";
				CLANG_CXX_LIBRARY = "libc++";
				CLANG_ENABLE_MODULES = YES;
				CLANG_ENABLE_OBJC_ARC = YES;
				CLANG_WARN_BOOL_CONVERSION = YES;
				CLANG_WARN_CONSTANT_CONVERSION = YES;
				CLANG_WARN_DIRECT_OBJC_ISA_USAGE = YES_ERROR;
				CLANG_WARN_DOCUMENTATION_COMMENTS = YES;
				CLANG_WARN_EMPTY_BODY = YES;
				CLANG_WARN_ENUM_CONVERSION = YES;
				CLANG_WARN_INFINITE_RECURSION = YES;
				CLANG_WARN_INT_CONVERSION = YES;
				CLANG_WARN_OBJC_ROOT_CLASS = YES_ERROR;
				CLANG_WARN_SUSPICIOUS_MOVE = YES;
				CLANG_WARN_UNREACHABLE_CODE = YES;
				CLANG_WARN__DUPLICATE_METHOD_MATCH = YES;
				"CODE_SIGN_IDENTITY[sdk=iphoneos*]" = "iPhone Developer";
				COPY_PHASE_STRIP = NO;
				DEBUG_INFORMATION_FORMAT = "dwarf-with-dsym";
				ENABLE_NS_ASSERTIONS = NO;
				ENABLE_STRICT_OBJC_MSGSEND = YES;
				GCC_C_LANGUAGE_STANDARD = gnu99;
				GCC_NO_COMMON_BLOCKS = YES;
				GCC_WARN_64_TO_32_BIT_CONVERSION = YES;
				GCC_WARN_ABOUT_RETURN_TYPE = YES_ERROR;
				GCC_WARN_UNDECLARED_SELECTOR = YES;
				GCC_WARN_UNINITIALIZED_AUTOS = YES_AGGRESSIVE;
				GCC_WARN_UNUSED_FUNCTION = YES;
				GCC_WARN_UNUSED_VARIABLE = YES;
				IPHONEOS_DEPLOYMENT_TARGET = 10.2;
				MTL_ENABLE_DEBUG_INFO = NO;
				SDKROOT = iphoneos;
				SWIFT_OPTIMIZATION_LEVEL = "-Owholemodule";
				VALIDATE_PRODUCT = YES;
			};
			name = Release;
		};
		F40297511E58EAF00019BEDD /* Debug */ = {
			isa = XCBuildConfiguration;
			buildSettings = {
				ASSETCATALOG_COMPILER_APPICON_NAME = AppIcon;
				INFOPLIST_FILE = tippy/Info.plist;
				LD_RUNPATH_SEARCH_PATHS = "$(inherited) @executable_path/Frameworks";
				PRODUCT_BUNDLE_IDENTIFIER = com.home.tippy;
				PRODUCT_NAME = "$(TARGET_NAME)";
				SWIFT_VERSION = 3.0;
			};
			name = Debug;
		};
		F40297521E58EAF00019BEDD /* Release */ = {
			isa = XCBuildConfiguration;
			buildSettings = {
				ASSETCATALOG_COMPILER_APPICON_NAME = AppIcon;
				INFOPLIST_FILE = tippy/Info.plist;
				LD_RUNPATH_SEARCH_PATHS = "$(inherited) @executable_path/Frameworks";
				PRODUCT_BUNDLE_IDENTIFIER = com.home.tippy;
				PRODUCT_NAME = "$(TARGET_NAME)";
				SWIFT_VERSION = 3.0;
			};
			name = Release;
		};
		F40297541E58EAF00019BEDD /* Debug */ = {
			isa = XCBuildConfiguration;
			buildSettings = {
				ALWAYS_EMBED_SWIFT_STANDARD_LIBRARIES = YES;
				BUNDLE_LOADER = "$(TEST_HOST)";
				INFOPLIST_FILE = tippyTests/Info.plist;
				LD_RUNPATH_SEARCH_PATHS = "$(inherited) @executable_path/Frameworks @loader_path/Frameworks";
				PRODUCT_BUNDLE_IDENTIFIER = com.home.tippyTests;
				PRODUCT_NAME = "$(TARGET_NAME)";
				SWIFT_VERSION = 3.0;
				TEST_HOST = "$(BUILT_PRODUCTS_DIR)/tippy.app/tippy";
			};
			name = Debug;
		};
		F40297551E58EAF00019BEDD /* Release */ = {
			isa = XCBuildConfiguration;
			buildSettings = {
				ALWAYS_EMBED_SWIFT_STANDARD_LIBRARIES = YES;
				BUNDLE_LOADER = "$(TEST_HOST)";
				INFOPLIST_FILE = tippyTests/Info.plist;
				LD_RUNPATH_SEARCH_PATHS = "$(inherited) @executable_path/Frameworks @loader_path/Frameworks";
				PRODUCT_BUNDLE_IDENTIFIER = com.home.tippyTests;
				PRODUCT_NAME = "$(TARGET_NAME)";
				SWIFT_VERSION = 3.0;
				TEST_HOST = "$(BUILT_PRODUCTS_DIR)/tippy.app/tippy";
			};
			name = Release;
		};
		F40297571E58EAF00019BEDD /* Debug */ = {
			isa = XCBuildConfiguration;
			buildSettings = {
				ALWAYS_EMBED_SWIFT_STANDARD_LIBRARIES = YES;
				INFOPLIST_FILE = tippyUITests/Info.plist;
				LD_RUNPATH_SEARCH_PATHS = "$(inherited) @executable_path/Frameworks @loader_path/Frameworks";
				PRODUCT_BUNDLE_IDENTIFIER = com.home.tippyUITests;
				PRODUCT_NAME = "$(TARGET_NAME)";
				SWIFT_VERSION = 3.0;
				TEST_TARGET_NAME = tippy;
			};
			name = Debug;
		};
		F40297581E58EAF00019BEDD /* Release */ = {
			isa = XCBuildConfiguration;
			buildSettings = {
				ALWAYS_EMBED_SWIFT_STANDARD_LIBRARIES = YES;
				INFOPLIST_FILE = tippyUITests/Info.plist;
				LD_RUNPATH_SEARCH_PATHS = "$(inherited) @executable_path/Frameworks @loader_path/Frameworks";
				PRODUCT_BUNDLE_IDENTIFIER = com.home.tippyUITests;
				PRODUCT_NAME = "$(TARGET_NAME)";
				SWIFT_VERSION = 3.0;
				TEST_TARGET_NAME = tippy;
			};
			name = Release;
		};
/* End XCBuildConfiguration section */

/* Begin XCConfigurationList section */
		F40297231E58EAEF0019BEDD /* Build configuration list for PBXProject "tippy" */ = {
			isa = XCConfigurationList;
			buildConfigurations = (
				F402974E1E58EAF00019BEDD /* Debug */,
				F402974F1E58EAF00019BEDD /* Release */,
			);
			defaultConfigurationIsVisible = 0;
			defaultConfigurationName = Release;
		};
		F40297501E58EAF00019BEDD /* Build configuration list for PBXNativeTarget "tippy" */ = {
			isa = XCConfigurationList;
			buildConfigurations = (
				F40297511E58EAF00019BEDD /* Debug */,
				F40297521E58EAF00019BEDD /* Release */,
			);
			defaultConfigurationIsVisible = 0;
			defaultConfigurationName = Release;
		};
		F40297531E58EAF00019BEDD /* Build configuration list for PBXNativeTarget "tippyTests" */ = {
			isa = XCConfigurationList;
			buildConfigurations = (
				F40297541E58EAF00019BEDD /* Debug */,
				F40297551E58EAF00019BEDD /* Release */,
			);
			defaultConfigurationIsVisible = 0;
			defaultConfigurationName = Release;
		};
		F40297561E58EAF00019BEDD /* Build configuration list for PBXNativeTarget "tippyUITests" */ = {
			isa = XCConfigurationList;
			buildConfigurations = (
				F40297571E58EAF00019BEDD /* Debug */,
				F40297581E58EAF00019BEDD /* Release */,
			);
			defaultConfigurationIsVisible = 0;
			defaultConfigurationName = Release;
		};
/* End XCConfigurationList section */
	};
	rootObject = F40297201E58EAEF0019BEDD /* Project object */;
}
